// !$*UTF8*$!
{
	archiveVersion = 1;
	classes = {
	};
	objectVersion = 46;
	objects = {

/* Begin PBXBuildFile section */
		1495814F15C15CCC00E1CFE5 /* Notice.m in Sources */ = {isa = PBXBuildFile; fileRef = 1495814E15C15CCC00E1CFE5 /* Notice.m */; };
		6F169DA718CC332E005EDDF3 /* Command.m in Sources */ = {isa = PBXBuildFile; fileRef = 6F169DA618CC332E005EDDF3 /* Command.m */; };
		6F169DAA18CC35FD005EDDF3 /* CallbackDelegate.m in Sources */ = {isa = PBXBuildFile; fileRef = 6F169DA918CC35FD005EDDF3 /* CallbackDelegate.m */; };
		6F169DAC18CD8A4A005EDDF3 /* JavaScriptCore.framework in Frameworks */ = {isa = PBXBuildFile; fileRef = 6F169DAB18CD8A4A005EDDF3 /* JavaScriptCore.framework */; };
		6F169DB118CD906F005EDDF3 /* MenuItemProxy.m in Sources */ = {isa = PBXBuildFile; fileRef = 6F169DAE18CD906F005EDDF3 /* MenuItemProxy.m */; };
		6F169DB218CD906F005EDDF3 /* MenuProxy.m in Sources */ = {isa = PBXBuildFile; fileRef = 6F169DB018CD906F005EDDF3 /* MenuProxy.m */; };
		6FD672B618FE618E00C0DAAD /* UserDefaults.m in Sources */ = {isa = PBXBuildFile; fileRef = 6FD672B518FE618E00C0DAAD /* UserDefaults.m */; };
		6FD6E4ED18C2D48C00DFFBE6 /* fonts.m in Sources */ = {isa = PBXBuildFile; fileRef = 6FD6E4EC18C2D48C00DFFBE6 /* fonts.m */; };
		88746BEE14CCA435001E160E /* JSEventHelper.m in Sources */ = {isa = PBXBuildFile; fileRef = 88746BED14CCA435001E160E /* JSEventHelper.m */; };
		88C0646014BDE10A00E4BCE2 /* Window.m in Sources */ = {isa = PBXBuildFile; fileRef = 88C0645F14BDE10A00E4BCE2 /* Window.m */; };
		88C0646614BDEC5800E4BCE2 /* Window.xib in Resources */ = {isa = PBXBuildFile; fileRef = 88C0646414BDEC5800E4BCE2 /* Window.xib */; };
		88C0646D14BDF6A600E4BCE2 /* WindowController.m in Sources */ = {isa = PBXBuildFile; fileRef = 88C0646C14BDF6A600E4BCE2 /* WindowController.m */; };
		B5410A3618BCC3A500FC854A /* libNodelikeOSX.a in Frameworks */ = {isa = PBXBuildFile; fileRef = B5410A3118BCC38700FC854A /* libNodelikeOSX.a */; };
		B5410A3918BCC45900FC854A /* JavaScriptCore.framework in Frameworks */ = {isa = PBXBuildFile; fileRef = B5410A3818BCC45900FC854A /* JavaScriptCore.framework */; };
		B5410B9E18BCC55700FC854A /* _debugger.js in Resources */ = {isa = PBXBuildFile; fileRef = B5410B3A18BCC53300FC854A /* _debugger.js */; };
		B5410B9F18BCC55700FC854A /* _http_agent.js in Resources */ = {isa = PBXBuildFile; fileRef = B5410B3B18BCC53300FC854A /* _http_agent.js */; };
		B5410BA018BCC55700FC854A /* _http_client.js in Resources */ = {isa = PBXBuildFile; fileRef = B5410B3C18BCC53300FC854A /* _http_client.js */; };
		B5410BA118BCC55700FC854A /* _http_common.js in Resources */ = {isa = PBXBuildFile; fileRef = B5410B3D18BCC53300FC854A /* _http_common.js */; };
		B5410BA218BCC55700FC854A /* _http_incoming.js in Resources */ = {isa = PBXBuildFile; fileRef = B5410B3E18BCC53300FC854A /* _http_incoming.js */; };
		B5410BA318BCC55700FC854A /* _http_outgoing.js in Resources */ = {isa = PBXBuildFile; fileRef = B5410B3F18BCC53300FC854A /* _http_outgoing.js */; };
		B5410BA418BCC55700FC854A /* _http_server.js in Resources */ = {isa = PBXBuildFile; fileRef = B5410B4018BCC53300FC854A /* _http_server.js */; };
		B5410BA518BCC55700FC854A /* _linklist.js in Resources */ = {isa = PBXBuildFile; fileRef = B5410B4118BCC53300FC854A /* _linklist.js */; };
		B5410BA618BCC55700FC854A /* _stream_duplex.js in Resources */ = {isa = PBXBuildFile; fileRef = B5410B4218BCC53300FC854A /* _stream_duplex.js */; };
		B5410BA718BCC55700FC854A /* _stream_passthrough.js in Resources */ = {isa = PBXBuildFile; fileRef = B5410B4318BCC53300FC854A /* _stream_passthrough.js */; };
		B5410BA818BCC55700FC854A /* _stream_readable.js in Resources */ = {isa = PBXBuildFile; fileRef = B5410B4418BCC53300FC854A /* _stream_readable.js */; };
		B5410BA918BCC55700FC854A /* _stream_transform.js in Resources */ = {isa = PBXBuildFile; fileRef = B5410B4518BCC53300FC854A /* _stream_transform.js */; };
		B5410BAA18BCC55700FC854A /* _stream_writable.js in Resources */ = {isa = PBXBuildFile; fileRef = B5410B4618BCC53300FC854A /* _stream_writable.js */; };
		B5410BAB18BCC55700FC854A /* _tls_legacy.js in Resources */ = {isa = PBXBuildFile; fileRef = B5410B4718BCC53300FC854A /* _tls_legacy.js */; };
		B5410BAC18BCC55700FC854A /* _tls_wrap.js in Resources */ = {isa = PBXBuildFile; fileRef = B5410B4818BCC53300FC854A /* _tls_wrap.js */; };
		B5410BAD18BCC55700FC854A /* assert.js in Resources */ = {isa = PBXBuildFile; fileRef = B5410B4918BCC53300FC854A /* assert.js */; };
		B5410BAE18BCC55700FC854A /* buffer.js in Resources */ = {isa = PBXBuildFile; fileRef = B5410B4A18BCC53300FC854A /* buffer.js */; };
		B5410BAF18BCC55700FC854A /* child_process.js in Resources */ = {isa = PBXBuildFile; fileRef = B5410B4B18BCC53300FC854A /* child_process.js */; };
		B5410BB018BCC55700FC854A /* cluster.js in Resources */ = {isa = PBXBuildFile; fileRef = B5410B4C18BCC53300FC854A /* cluster.js */; };
		B5410BB118BCC55700FC854A /* console.js in Resources */ = {isa = PBXBuildFile; fileRef = B5410B4D18BCC53300FC854A /* console.js */; };
		B5410BB218BCC55700FC854A /* constants.js in Resources */ = {isa = PBXBuildFile; fileRef = B5410B4E18BCC53300FC854A /* constants.js */; };
		B5410BB318BCC55700FC854A /* crypto.js in Resources */ = {isa = PBXBuildFile; fileRef = B5410B4F18BCC53300FC854A /* crypto.js */; };
		B5410BB418BCC55700FC854A /* dgram.js in Resources */ = {isa = PBXBuildFile; fileRef = B5410B5018BCC53300FC854A /* dgram.js */; };
		B5410BB518BCC55700FC854A /* dns.js in Resources */ = {isa = PBXBuildFile; fileRef = B5410B5118BCC53300FC854A /* dns.js */; };
		B5410BB618BCC55700FC854A /* domain.js in Resources */ = {isa = PBXBuildFile; fileRef = B5410B5218BCC53300FC854A /* domain.js */; };
		B5410BB718BCC55700FC854A /* events.js in Resources */ = {isa = PBXBuildFile; fileRef = B5410B5318BCC53300FC854A /* events.js */; };
		B5410BB818BCC55700FC854A /* freelist.js in Resources */ = {isa = PBXBuildFile; fileRef = B5410B5418BCC53300FC854A /* freelist.js */; };
		B5410BB918BCC55700FC854A /* fs.js in Resources */ = {isa = PBXBuildFile; fileRef = B5410B5518BCC53300FC854A /* fs.js */; };
		B5410BBA18BCC55700FC854A /* http.js in Resources */ = {isa = PBXBuildFile; fileRef = B5410B5618BCC53300FC854A /* http.js */; };
		B5410BBB18BCC55700FC854A /* https.js in Resources */ = {isa = PBXBuildFile; fileRef = B5410B5718BCC53300FC854A /* https.js */; };
		B5410BBC18BCC55700FC854A /* module.js in Resources */ = {isa = PBXBuildFile; fileRef = B5410B5818BCC53300FC854A /* module.js */; };
		B5410BBD18BCC55700FC854A /* net.js in Resources */ = {isa = PBXBuildFile; fileRef = B5410B5918BCC53300FC854A /* net.js */; };
		B5410BBE18BCC55700FC854A /* nodelike.js in Resources */ = {isa = PBXBuildFile; fileRef = B5410B5A18BCC53300FC854A /* nodelike.js */; };
		B5410BBF18BCC55700FC854A /* os.js in Resources */ = {isa = PBXBuildFile; fileRef = B5410B5B18BCC53300FC854A /* os.js */; };
		B5410BC018BCC55700FC854A /* path.js in Resources */ = {isa = PBXBuildFile; fileRef = B5410B5C18BCC53300FC854A /* path.js */; };
		B5410BC118BCC55700FC854A /* punycode.js in Resources */ = {isa = PBXBuildFile; fileRef = B5410B5D18BCC53300FC854A /* punycode.js */; };
		B5410BC218BCC55700FC854A /* querystring.js in Resources */ = {isa = PBXBuildFile; fileRef = B5410B5E18BCC53300FC854A /* querystring.js */; };
		B5410BC318BCC55700FC854A /* readline.js in Resources */ = {isa = PBXBuildFile; fileRef = B5410B5F18BCC53300FC854A /* readline.js */; };
		B5410BC418BCC55700FC854A /* repl.js in Resources */ = {isa = PBXBuildFile; fileRef = B5410B6018BCC53300FC854A /* repl.js */; };
		B5410BC518BCC55700FC854A /* smalloc.js in Resources */ = {isa = PBXBuildFile; fileRef = B5410B6118BCC53300FC854A /* smalloc.js */; };
		B5410BC618BCC55700FC854A /* stream.js in Resources */ = {isa = PBXBuildFile; fileRef = B5410B6218BCC53300FC854A /* stream.js */; };
		B5410BC718BCC55700FC854A /* string_decoder.js in Resources */ = {isa = PBXBuildFile; fileRef = B5410B6318BCC53300FC854A /* string_decoder.js */; };
		B5410BC818BCC55700FC854A /* sys.js in Resources */ = {isa = PBXBuildFile; fileRef = B5410B6418BCC53300FC854A /* sys.js */; };
		B5410BC918BCC55700FC854A /* timers.js in Resources */ = {isa = PBXBuildFile; fileRef = B5410B6518BCC53300FC854A /* timers.js */; };
		B5410BCA18BCC55700FC854A /* tls.js in Resources */ = {isa = PBXBuildFile; fileRef = B5410B6618BCC53300FC854A /* tls.js */; };
		B5410BCB18BCC55700FC854A /* tty.js in Resources */ = {isa = PBXBuildFile; fileRef = B5410B6718BCC53300FC854A /* tty.js */; };
		B5410BCC18BCC55700FC854A /* url.js in Resources */ = {isa = PBXBuildFile; fileRef = B5410B6818BCC53300FC854A /* url.js */; };
		B5410BCD18BCC55700FC854A /* util.js in Resources */ = {isa = PBXBuildFile; fileRef = B5410B6918BCC53300FC854A /* util.js */; };
		B5410BCE18BCC55700FC854A /* vm.js in Resources */ = {isa = PBXBuildFile; fileRef = B5410B6A18BCC53300FC854A /* vm.js */; };
		B5410BCF18BCC55700FC854A /* zlib.js in Resources */ = {isa = PBXBuildFile; fileRef = B5410B6B18BCC53300FC854A /* zlib.js */; };
		F2B80016179E0FC100B069A8 /* Clipboard.m in Sources */ = {isa = PBXBuildFile; fileRef = F2B80015179E0FC100B069A8 /* Clipboard.m */; };
		FA32509D14BA813600BF0781 /* WebKit.framework in Frameworks */ = {isa = PBXBuildFile; fileRef = FA32509C14BA813600BF0781 /* WebKit.framework */; };
		FA3250C314BA85E700BF0781 /* ContentView.m in Sources */ = {isa = PBXBuildFile; fileRef = FA3250BC14BA85E700BF0781 /* ContentView.m */; };
		FA3250C514BA85E700BF0781 /* Utils.m in Sources */ = {isa = PBXBuildFile; fileRef = FA3250BE14BA85E700BF0781 /* Utils.m */; };
		FA3250C714BA85E700BF0781 /* WebViewDelegate.m in Sources */ = {isa = PBXBuildFile; fileRef = FA3250C014BA85E700BF0781 /* WebViewDelegate.m */; };
		FA3250D314BA860800BF0781 /* App.m in Sources */ = {isa = PBXBuildFile; fileRef = FA3250C914BA860800BF0781 /* App.m */; };
		FA3250D514BA860800BF0781 /* Dock.m in Sources */ = {isa = PBXBuildFile; fileRef = FA3250CB14BA860800BF0781 /* Dock.m */; };
		FA3250D714BA860800BF0781 /* Growl.m in Sources */ = {isa = PBXBuildFile; fileRef = FA3250CD14BA860800BF0781 /* Growl.m */; };
		FA3250D914BA860800BF0781 /* Path.m in Sources */ = {isa = PBXBuildFile; fileRef = FA3250CF14BA860800BF0781 /* Path.m */; };
		FA3250DB14BA860800BF0781 /* Sound.m in Sources */ = {isa = PBXBuildFile; fileRef = FA3250D114BA860800BF0781 /* Sound.m */; };
		FA3250DF14BA878D00BF0781 /* Growl.framework in CopyFiles */ = {isa = PBXBuildFile; fileRef = FA3250DE14BA878D00BF0781 /* Growl.framework */; };
		FA3250E514BA883A00BF0781 /* public in Resources */ = {isa = PBXBuildFile; fileRef = FA3250E414BA883A00BF0781 /* public */; };
		FA3250E714BA8BCE00BF0781 /* application.icns in Resources */ = {isa = PBXBuildFile; fileRef = FA3250E614BA8BCE00BF0781 /* application.icns */; };
		FA3F7742168F70790027B324 /* Cocoa.framework in Frameworks */ = {isa = PBXBuildFile; fileRef = FA3F7741168F70780027B324 /* Cocoa.framework */; };
		FA3F7743168F70850027B324 /* Growl.framework in Frameworks */ = {isa = PBXBuildFile; fileRef = FA32509E14BA816E00BF0781 /* Growl.framework */; };
		FAE451C914BA79C600190544 /* InfoPlist.strings in Resources */ = {isa = PBXBuildFile; fileRef = FAE451C714BA79C600190544 /* InfoPlist.strings */; };
		FAE451CB14BA79C600190544 /* main.m in Sources */ = {isa = PBXBuildFile; fileRef = FAE451CA14BA79C600190544 /* main.m */; };
		FAE451CF14BA79C600190544 /* Credits.rtf in Resources */ = {isa = PBXBuildFile; fileRef = FAE451CD14BA79C600190544 /* Credits.rtf */; };
		FAE451D214BA79C600190544 /* AppDelegate.m in Sources */ = {isa = PBXBuildFile; fileRef = FAE451D114BA79C600190544 /* AppDelegate.m */; };
		FAE451D514BA79C600190544 /* MainMenu.xib in Resources */ = {isa = PBXBuildFile; fileRef = FAE451D314BA79C600190544 /* MainMenu.xib */; };
/* End PBXBuildFile section */

/* Begin PBXContainerItemProxy section */
		B5410A2A18BCC38700FC854A /* PBXContainerItemProxy */ = {
			isa = PBXContainerItemProxy;
			containerPortal = B5410A2218BCC38600FC854A /* Nodelike.xcodeproj */;
			proxyType = 2;
			remoteGlobalIDString = B59EA08E180CB587005BF5C1;
			remoteInfo = Nodelike;
		};
		B5410A2C18BCC38700FC854A /* PBXContainerItemProxy */ = {
			isa = PBXContainerItemProxy;
			containerPortal = B5410A2218BCC38600FC854A /* Nodelike.xcodeproj */;
			proxyType = 2;
			remoteGlobalIDString = B54C1F52180D37280051F826;
			remoteInfo = uv;
		};
		B5410A2E18BCC38700FC854A /* PBXContainerItemProxy */ = {
			isa = PBXContainerItemProxy;
			containerPortal = B5410A2218BCC38600FC854A /* Nodelike.xcodeproj */;
			proxyType = 2;
			remoteGlobalIDString = B54173161894341600B6636B;
			remoteInfo = "Nodelike Tests";
		};
		B5410A3018BCC38700FC854A /* PBXContainerItemProxy */ = {
			isa = PBXContainerItemProxy;
			containerPortal = B5410A2218BCC38600FC854A /* Nodelike.xcodeproj */;
			proxyType = 2;
			remoteGlobalIDString = B54109EC18BCBE0900FC854A;
			remoteInfo = NodelikeOSX;
		};
		B5410A3218BCC38700FC854A /* PBXContainerItemProxy */ = {
			isa = PBXContainerItemProxy;
			containerPortal = B5410A2218BCC38600FC854A /* Nodelike.xcodeproj */;
			proxyType = 2;
			remoteGlobalIDString = B5410A1918BCBF8C00FC854A;
			remoteInfo = uvOSX;
		};
		B5410A3418BCC39F00FC854A /* PBXContainerItemProxy */ = {
			isa = PBXContainerItemProxy;
			containerPortal = B5410A2218BCC38600FC854A /* Nodelike.xcodeproj */;
			proxyType = 1;
			remoteGlobalIDString = B54109CC18BCBE0900FC854A;
			remoteInfo = NodelikeOSX;
		};
/* End PBXContainerItemProxy section */

/* Begin PBXCopyFilesBuildPhase section */
		FA3250DD14BA876F00BF0781 /* CopyFiles */ = {
			isa = PBXCopyFilesBuildPhase;
			buildActionMask = 2147483647;
			dstPath = "";
			dstSubfolderSpec = 10;
			files = (
				FA3250DF14BA878D00BF0781 /* Growl.framework in CopyFiles */,
			);
			runOnlyForDeploymentPostprocessing = 0;
		};
/* End PBXCopyFilesBuildPhase section */

/* Begin PBXFileReference section */
		1495814D15C15CCC00E1CFE5 /* Notice.h */ = {isa = PBXFileReference; fileEncoding = 4; lastKnownFileType = sourcecode.c.h; name = Notice.h; path = Classes/Commands/Notice.h; sourceTree = "<group>"; };
		1495814E15C15CCC00E1CFE5 /* Notice.m */ = {isa = PBXFileReference; fileEncoding = 4; lastKnownFileType = sourcecode.c.objc; name = Notice.m; path = Classes/Commands/Notice.m; sourceTree = "<group>"; };
		6F169DA518CC332E005EDDF3 /* Command.h */ = {isa = PBXFileReference; fileEncoding = 4; lastKnownFileType = sourcecode.c.h; name = Command.h; path = Classes/Commands/Command.h; sourceTree = "<group>"; };
		6F169DA618CC332E005EDDF3 /* Command.m */ = {isa = PBXFileReference; fileEncoding = 4; lastKnownFileType = sourcecode.c.objc; name = Command.m; path = Classes/Commands/Command.m; sourceTree = "<group>"; };
		6F169DA818CC35FD005EDDF3 /* CallbackDelegate.h */ = {isa = PBXFileReference; fileEncoding = 4; lastKnownFileType = sourcecode.c.h; name = CallbackDelegate.h; path = Classes/CallbackDelegate.h; sourceTree = "<group>"; };
		6F169DA918CC35FD005EDDF3 /* CallbackDelegate.m */ = {isa = PBXFileReference; fileEncoding = 4; lastKnownFileType = sourcecode.c.objc; name = CallbackDelegate.m; path = Classes/CallbackDelegate.m; sourceTree = "<group>"; };
		6F169DAB18CD8A4A005EDDF3 /* JavaScriptCore.framework */ = {isa = PBXFileReference; lastKnownFileType = wrapper.framework; name = JavaScriptCore.framework; path = System/Library/Frameworks/JavaScriptCore.framework; sourceTree = SDKROOT; };
		6F169DAD18CD906F005EDDF3 /* MenuItemProxy.h */ = {isa = PBXFileReference; fileEncoding = 4; lastKnownFileType = sourcecode.c.h; name = MenuItemProxy.h; path = Classes/Commands/MenuItemProxy.h; sourceTree = "<group>"; };
		6F169DAE18CD906F005EDDF3 /* MenuItemProxy.m */ = {isa = PBXFileReference; fileEncoding = 4; lastKnownFileType = sourcecode.c.objc; name = MenuItemProxy.m; path = Classes/Commands/MenuItemProxy.m; sourceTree = "<group>"; };
		6F169DAF18CD906F005EDDF3 /* MenuProxy.h */ = {isa = PBXFileReference; fileEncoding = 4; lastKnownFileType = sourcecode.c.h; name = MenuProxy.h; path = Classes/Commands/MenuProxy.h; sourceTree = "<group>"; };
		6F169DB018CD906F005EDDF3 /* MenuProxy.m */ = {isa = PBXFileReference; fileEncoding = 4; lastKnownFileType = sourcecode.c.objc; name = MenuProxy.m; path = Classes/Commands/MenuProxy.m; sourceTree = "<group>"; };
		6FD672B418FE618E00C0DAAD /* UserDefaults.h */ = {isa = PBXFileReference; fileEncoding = 4; lastKnownFileType = sourcecode.c.h; name = UserDefaults.h; path = Classes/Commands/UserDefaults.h; sourceTree = "<group>"; };
		6FD672B518FE618E00C0DAAD /* UserDefaults.m */ = {isa = PBXFileReference; fileEncoding = 4; lastKnownFileType = sourcecode.c.objc; name = UserDefaults.m; path = Classes/Commands/UserDefaults.m; sourceTree = "<group>"; };
		6FD6E4EB18C2D48200DFFBE6 /* fonts.h */ = {isa = PBXFileReference; lastKnownFileType = sourcecode.c.h; name = fonts.h; path = Classes/Commands/fonts.h; sourceTree = "<group>"; };
		6FD6E4EC18C2D48C00DFFBE6 /* fonts.m */ = {isa = PBXFileReference; fileEncoding = 4; lastKnownFileType = sourcecode.c.objc; name = fonts.m; path = Classes/Commands/fonts.m; sourceTree = "<group>"; };
		88746BEC14CCA435001E160E /* JSEventHelper.h */ = {isa = PBXFileReference; fileEncoding = 4; lastKnownFileType = sourcecode.c.h; name = JSEventHelper.h; path = Classes/JSEventHelper.h; sourceTree = "<group>"; };
		88746BED14CCA435001E160E /* JSEventHelper.m */ = {isa = PBXFileReference; fileEncoding = 4; lastKnownFileType = sourcecode.c.objc; name = JSEventHelper.m; path = Classes/JSEventHelper.m; sourceTree = "<group>"; };
		88C0645E14BDE10A00E4BCE2 /* Window.h */ = {isa = PBXFileReference; fileEncoding = 4; lastKnownFileType = sourcecode.c.h; name = Window.h; path = Classes/Window.h; sourceTree = "<group>"; };
		88C0645F14BDE10A00E4BCE2 /* Window.m */ = {isa = PBXFileReference; fileEncoding = 4; lastKnownFileType = sourcecode.c.objc; name = Window.m; path = Classes/Window.m; sourceTree = "<group>"; };
		88C0646514BDEC5800E4BCE2 /* en */ = {isa = PBXFileReference; lastKnownFileType = file.xib; name = en; path = en.lproj/Window.xib; sourceTree = "<group>"; };
		88C0646B14BDF6A600E4BCE2 /* WindowController.h */ = {isa = PBXFileReference; fileEncoding = 4; lastKnownFileType = sourcecode.c.h; path = WindowController.h; sourceTree = "<group>"; };
		88C0646C14BDF6A600E4BCE2 /* WindowController.m */ = {isa = PBXFileReference; fileEncoding = 4; lastKnownFileType = sourcecode.c.objc; path = WindowController.m; sourceTree = "<group>"; };
		B5410A2218BCC38600FC854A /* Nodelike.xcodeproj */ = {isa = PBXFileReference; lastKnownFileType = "wrapper.pb-project"; name = Nodelike.xcodeproj; path = Nodelike/Nodelike.xcodeproj; sourceTree = "<group>"; };
		B5410A3818BCC45900FC854A /* JavaScriptCore.framework */ = {isa = PBXFileReference; lastKnownFileType = wrapper.framework; name = JavaScriptCore.framework; path = System/Library/Frameworks/JavaScriptCore.framework; sourceTree = SDKROOT; };
		B5410B3A18BCC53300FC854A /* _debugger.js */ = {isa = PBXFileReference; fileEncoding = 4; lastKnownFileType = sourcecode.javascript; path = _debugger.js; sourceTree = "<group>"; };
		B5410B3B18BCC53300FC854A /* _http_agent.js */ = {isa = PBXFileReference; fileEncoding = 4; lastKnownFileType = sourcecode.javascript; path = _http_agent.js; sourceTree = "<group>"; };
		B5410B3C18BCC53300FC854A /* _http_client.js */ = {isa = PBXFileReference; fileEncoding = 4; lastKnownFileType = sourcecode.javascript; path = _http_client.js; sourceTree = "<group>"; };
		B5410B3D18BCC53300FC854A /* _http_common.js */ = {isa = PBXFileReference; fileEncoding = 4; lastKnownFileType = sourcecode.javascript; path = _http_common.js; sourceTree = "<group>"; };
		B5410B3E18BCC53300FC854A /* _http_incoming.js */ = {isa = PBXFileReference; fileEncoding = 4; lastKnownFileType = sourcecode.javascript; path = _http_incoming.js; sourceTree = "<group>"; };
		B5410B3F18BCC53300FC854A /* _http_outgoing.js */ = {isa = PBXFileReference; fileEncoding = 4; lastKnownFileType = sourcecode.javascript; path = _http_outgoing.js; sourceTree = "<group>"; };
		B5410B4018BCC53300FC854A /* _http_server.js */ = {isa = PBXFileReference; fileEncoding = 4; lastKnownFileType = sourcecode.javascript; path = _http_server.js; sourceTree = "<group>"; };
		B5410B4118BCC53300FC854A /* _linklist.js */ = {isa = PBXFileReference; fileEncoding = 4; lastKnownFileType = sourcecode.javascript; path = _linklist.js; sourceTree = "<group>"; };
		B5410B4218BCC53300FC854A /* _stream_duplex.js */ = {isa = PBXFileReference; fileEncoding = 4; lastKnownFileType = sourcecode.javascript; path = _stream_duplex.js; sourceTree = "<group>"; };
		B5410B4318BCC53300FC854A /* _stream_passthrough.js */ = {isa = PBXFileReference; fileEncoding = 4; lastKnownFileType = sourcecode.javascript; path = _stream_passthrough.js; sourceTree = "<group>"; };
		B5410B4418BCC53300FC854A /* _stream_readable.js */ = {isa = PBXFileReference; fileEncoding = 4; lastKnownFileType = sourcecode.javascript; path = _stream_readable.js; sourceTree = "<group>"; };
		B5410B4518BCC53300FC854A /* _stream_transform.js */ = {isa = PBXFileReference; fileEncoding = 4; lastKnownFileType = sourcecode.javascript; path = _stream_transform.js; sourceTree = "<group>"; };
		B5410B4618BCC53300FC854A /* _stream_writable.js */ = {isa = PBXFileReference; fileEncoding = 4; lastKnownFileType = sourcecode.javascript; path = _stream_writable.js; sourceTree = "<group>"; };
		B5410B4718BCC53300FC854A /* _tls_legacy.js */ = {isa = PBXFileReference; fileEncoding = 4; lastKnownFileType = sourcecode.javascript; path = _tls_legacy.js; sourceTree = "<group>"; };
		B5410B4818BCC53300FC854A /* _tls_wrap.js */ = {isa = PBXFileReference; fileEncoding = 4; lastKnownFileType = sourcecode.javascript; path = _tls_wrap.js; sourceTree = "<group>"; };
		B5410B4918BCC53300FC854A /* assert.js */ = {isa = PBXFileReference; fileEncoding = 4; lastKnownFileType = sourcecode.javascript; path = assert.js; sourceTree = "<group>"; };
		B5410B4A18BCC53300FC854A /* buffer.js */ = {isa = PBXFileReference; fileEncoding = 4; lastKnownFileType = sourcecode.javascript; path = buffer.js; sourceTree = "<group>"; };
		B5410B4B18BCC53300FC854A /* child_process.js */ = {isa = PBXFileReference; fileEncoding = 4; lastKnownFileType = sourcecode.javascript; path = child_process.js; sourceTree = "<group>"; };
		B5410B4C18BCC53300FC854A /* cluster.js */ = {isa = PBXFileReference; fileEncoding = 4; lastKnownFileType = sourcecode.javascript; path = cluster.js; sourceTree = "<group>"; };
		B5410B4D18BCC53300FC854A /* console.js */ = {isa = PBXFileReference; fileEncoding = 4; lastKnownFileType = sourcecode.javascript; path = console.js; sourceTree = "<group>"; };
		B5410B4E18BCC53300FC854A /* constants.js */ = {isa = PBXFileReference; fileEncoding = 4; lastKnownFileType = sourcecode.javascript; path = constants.js; sourceTree = "<group>"; };
		B5410B4F18BCC53300FC854A /* crypto.js */ = {isa = PBXFileReference; fileEncoding = 4; lastKnownFileType = sourcecode.javascript; path = crypto.js; sourceTree = "<group>"; };
		B5410B5018BCC53300FC854A /* dgram.js */ = {isa = PBXFileReference; fileEncoding = 4; lastKnownFileType = sourcecode.javascript; path = dgram.js; sourceTree = "<group>"; };
		B5410B5118BCC53300FC854A /* dns.js */ = {isa = PBXFileReference; fileEncoding = 4; lastKnownFileType = sourcecode.javascript; path = dns.js; sourceTree = "<group>"; };
		B5410B5218BCC53300FC854A /* domain.js */ = {isa = PBXFileReference; fileEncoding = 4; lastKnownFileType = sourcecode.javascript; path = domain.js; sourceTree = "<group>"; };
		B5410B5318BCC53300FC854A /* events.js */ = {isa = PBXFileReference; fileEncoding = 4; lastKnownFileType = sourcecode.javascript; path = events.js; sourceTree = "<group>"; };
		B5410B5418BCC53300FC854A /* freelist.js */ = {isa = PBXFileReference; fileEncoding = 4; lastKnownFileType = sourcecode.javascript; path = freelist.js; sourceTree = "<group>"; };
		B5410B5518BCC53300FC854A /* fs.js */ = {isa = PBXFileReference; fileEncoding = 4; lastKnownFileType = sourcecode.javascript; path = fs.js; sourceTree = "<group>"; };
		B5410B5618BCC53300FC854A /* http.js */ = {isa = PBXFileReference; fileEncoding = 4; lastKnownFileType = sourcecode.javascript; path = http.js; sourceTree = "<group>"; };
		B5410B5718BCC53300FC854A /* https.js */ = {isa = PBXFileReference; fileEncoding = 4; lastKnownFileType = sourcecode.javascript; path = https.js; sourceTree = "<group>"; };
		B5410B5818BCC53300FC854A /* module.js */ = {isa = PBXFileReference; fileEncoding = 4; lastKnownFileType = sourcecode.javascript; path = module.js; sourceTree = "<group>"; };
		B5410B5918BCC53300FC854A /* net.js */ = {isa = PBXFileReference; fileEncoding = 4; lastKnownFileType = sourcecode.javascript; path = net.js; sourceTree = "<group>"; };
		B5410B5A18BCC53300FC854A /* nodelike.js */ = {isa = PBXFileReference; fileEncoding = 4; lastKnownFileType = sourcecode.javascript; path = nodelike.js; sourceTree = "<group>"; };
		B5410B5B18BCC53300FC854A /* os.js */ = {isa = PBXFileReference; fileEncoding = 4; lastKnownFileType = sourcecode.javascript; path = os.js; sourceTree = "<group>"; };
		B5410B5C18BCC53300FC854A /* path.js */ = {isa = PBXFileReference; fileEncoding = 4; lastKnownFileType = sourcecode.javascript; path = path.js; sourceTree = "<group>"; };
		B5410B5D18BCC53300FC854A /* punycode.js */ = {isa = PBXFileReference; fileEncoding = 4; lastKnownFileType = sourcecode.javascript; path = punycode.js; sourceTree = "<group>"; };
		B5410B5E18BCC53300FC854A /* querystring.js */ = {isa = PBXFileReference; fileEncoding = 4; lastKnownFileType = sourcecode.javascript; path = querystring.js; sourceTree = "<group>"; };
		B5410B5F18BCC53300FC854A /* readline.js */ = {isa = PBXFileReference; fileEncoding = 4; lastKnownFileType = sourcecode.javascript; path = readline.js; sourceTree = "<group>"; };
		B5410B6018BCC53300FC854A /* repl.js */ = {isa = PBXFileReference; fileEncoding = 4; lastKnownFileType = sourcecode.javascript; path = repl.js; sourceTree = "<group>"; };
		B5410B6118BCC53300FC854A /* smalloc.js */ = {isa = PBXFileReference; fileEncoding = 4; lastKnownFileType = sourcecode.javascript; path = smalloc.js; sourceTree = "<group>"; };
		B5410B6218BCC53300FC854A /* stream.js */ = {isa = PBXFileReference; fileEncoding = 4; lastKnownFileType = sourcecode.javascript; path = stream.js; sourceTree = "<group>"; };
		B5410B6318BCC53300FC854A /* string_decoder.js */ = {isa = PBXFileReference; fileEncoding = 4; lastKnownFileType = sourcecode.javascript; path = string_decoder.js; sourceTree = "<group>"; };
		B5410B6418BCC53300FC854A /* sys.js */ = {isa = PBXFileReference; fileEncoding = 4; lastKnownFileType = sourcecode.javascript; path = sys.js; sourceTree = "<group>"; };
		B5410B6518BCC53300FC854A /* timers.js */ = {isa = PBXFileReference; fileEncoding = 4; lastKnownFileType = sourcecode.javascript; path = timers.js; sourceTree = "<group>"; };
		B5410B6618BCC53300FC854A /* tls.js */ = {isa = PBXFileReference; fileEncoding = 4; lastKnownFileType = sourcecode.javascript; path = tls.js; sourceTree = "<group>"; };
		B5410B6718BCC53300FC854A /* tty.js */ = {isa = PBXFileReference; fileEncoding = 4; lastKnownFileType = sourcecode.javascript; path = tty.js; sourceTree = "<group>"; };
		B5410B6818BCC53300FC854A /* url.js */ = {isa = PBXFileReference; fileEncoding = 4; lastKnownFileType = sourcecode.javascript; path = url.js; sourceTree = "<group>"; };
		B5410B6918BCC53300FC854A /* util.js */ = {isa = PBXFileReference; fileEncoding = 4; lastKnownFileType = sourcecode.javascript; path = util.js; sourceTree = "<group>"; };
		B5410B6A18BCC53300FC854A /* vm.js */ = {isa = PBXFileReference; fileEncoding = 4; lastKnownFileType = sourcecode.javascript; path = vm.js; sourceTree = "<group>"; };
		B5410B6B18BCC53300FC854A /* zlib.js */ = {isa = PBXFileReference; fileEncoding = 4; lastKnownFileType = sourcecode.javascript; path = zlib.js; sourceTree = "<group>"; };
		F2B80014179E0FC100B069A8 /* Clipboard.h */ = {isa = PBXFileReference; fileEncoding = 4; lastKnownFileType = sourcecode.c.h; path = Clipboard.h; sourceTree = "<group>"; };
		F2B80015179E0FC100B069A8 /* Clipboard.m */ = {isa = PBXFileReference; fileEncoding = 4; lastKnownFileType = sourcecode.c.objc; path = Clipboard.m; sourceTree = "<group>"; };
		FA32509C14BA813600BF0781 /* WebKit.framework */ = {isa = PBXFileReference; lastKnownFileType = wrapper.framework; name = WebKit.framework; path = System/Library/Frameworks/WebKit.framework; sourceTree = SDKROOT; };
		FA32509E14BA816E00BF0781 /* Growl.framework */ = {isa = PBXFileReference; lastKnownFileType = wrapper.framework; name = Growl.framework; path = MacGap/Growl.framework; sourceTree = "<group>"; };
		FA3250BA14BA85E700BF0781 /* Constants.h */ = {isa = PBXFileReference; lastKnownFileType = sourcecode.c.h; name = Constants.h; path = Classes/Constants.h; sourceTree = "<group>"; };
		FA3250BB14BA85E700BF0781 /* ContentView.h */ = {isa = PBXFileReference; lastKnownFileType = sourcecode.c.h; name = ContentView.h; path = Classes/ContentView.h; sourceTree = "<group>"; };
		FA3250BC14BA85E700BF0781 /* ContentView.m */ = {isa = PBXFileReference; lastKnownFileType = sourcecode.c.objc; name = ContentView.m; path = Classes/ContentView.m; sourceTree = "<group>"; };
		FA3250BD14BA85E700BF0781 /* Utils.h */ = {isa = PBXFileReference; lastKnownFileType = sourcecode.c.h; name = Utils.h; path = Classes/Utils.h; sourceTree = "<group>"; };
		FA3250BE14BA85E700BF0781 /* Utils.m */ = {isa = PBXFileReference; lastKnownFileType = sourcecode.c.objc; name = Utils.m; path = Classes/Utils.m; sourceTree = "<group>"; };
		FA3250BF14BA85E700BF0781 /* WebViewDelegate.h */ = {isa = PBXFileReference; lastKnownFileType = sourcecode.c.h; name = WebViewDelegate.h; path = Classes/WebViewDelegate.h; sourceTree = "<group>"; };
		FA3250C014BA85E700BF0781 /* WebViewDelegate.m */ = {isa = PBXFileReference; lastKnownFileType = sourcecode.c.objc; name = WebViewDelegate.m; path = Classes/WebViewDelegate.m; sourceTree = "<group>"; };
		FA3250C814BA860800BF0781 /* App.h */ = {isa = PBXFileReference; lastKnownFileType = sourcecode.c.h; name = App.h; path = Classes/Commands/App.h; sourceTree = "<group>"; };
		FA3250C914BA860800BF0781 /* App.m */ = {isa = PBXFileReference; lastKnownFileType = sourcecode.c.objc; name = App.m; path = Classes/Commands/App.m; sourceTree = "<group>"; };
		FA3250CA14BA860800BF0781 /* Dock.h */ = {isa = PBXFileReference; lastKnownFileType = sourcecode.c.h; name = Dock.h; path = Classes/Commands/Dock.h; sourceTree = "<group>"; };
		FA3250CB14BA860800BF0781 /* Dock.m */ = {isa = PBXFileReference; lastKnownFileType = sourcecode.c.objc; name = Dock.m; path = Classes/Commands/Dock.m; sourceTree = "<group>"; };
		FA3250CC14BA860800BF0781 /* Growl.h */ = {isa = PBXFileReference; lastKnownFileType = sourcecode.c.h; name = Growl.h; path = Classes/Commands/Growl.h; sourceTree = "<group>"; };
		FA3250CD14BA860800BF0781 /* Growl.m */ = {isa = PBXFileReference; lastKnownFileType = sourcecode.c.objc; name = Growl.m; path = Classes/Commands/Growl.m; sourceTree = "<group>"; };
		FA3250CE14BA860800BF0781 /* Path.h */ = {isa = PBXFileReference; lastKnownFileType = sourcecode.c.h; name = Path.h; path = Classes/Commands/Path.h; sourceTree = "<group>"; };
		FA3250CF14BA860800BF0781 /* Path.m */ = {isa = PBXFileReference; lastKnownFileType = sourcecode.c.objc; name = Path.m; path = Classes/Commands/Path.m; sourceTree = "<group>"; };
		FA3250D014BA860800BF0781 /* Sound.h */ = {isa = PBXFileReference; lastKnownFileType = sourcecode.c.h; name = Sound.h; path = Classes/Commands/Sound.h; sourceTree = "<group>"; };
		FA3250D114BA860800BF0781 /* Sound.m */ = {isa = PBXFileReference; lastKnownFileType = sourcecode.c.objc; name = Sound.m; path = Classes/Commands/Sound.m; sourceTree = "<group>"; };
		FA3250DE14BA878D00BF0781 /* Growl.framework */ = {isa = PBXFileReference; lastKnownFileType = wrapper.framework; name = Growl.framework; path = MacGap/Growl.framework; sourceTree = "<group>"; };
		FA3250E414BA883A00BF0781 /* public */ = {isa = PBXFileReference; lastKnownFileType = folder; path = public; sourceTree = "<group>"; };
		FA3250E614BA8BCE00BF0781 /* application.icns */ = {isa = PBXFileReference; lastKnownFileType = image.icns; path = application.icns; sourceTree = SOURCE_ROOT; };
		FA3F7741168F70780027B324 /* Cocoa.framework */ = {isa = PBXFileReference; lastKnownFileType = wrapper.framework; name = Cocoa.framework; path = Platforms/MacOSX.platform/Developer/SDKs/MacOSX10.8.sdk/System/Library/Frameworks/Cocoa.framework; sourceTree = DEVELOPER_DIR; };
		FAE451BA14BA79C600190544 /* MacGap.app */ = {isa = PBXFileReference; explicitFileType = wrapper.application; includeInIndex = 0; path = MacGap.app; sourceTree = BUILT_PRODUCTS_DIR; };
		FAE451BE14BA79C600190544 /* Cocoa.framework */ = {isa = PBXFileReference; lastKnownFileType = wrapper.framework; name = Cocoa.framework; path = System/Library/Frameworks/Cocoa.framework; sourceTree = SDKROOT; };
		FAE451C114BA79C600190544 /* AppKit.framework */ = {isa = PBXFileReference; lastKnownFileType = wrapper.framework; name = AppKit.framework; path = System/Library/Frameworks/AppKit.framework; sourceTree = SDKROOT; };
		FAE451C214BA79C600190544 /* CoreData.framework */ = {isa = PBXFileReference; lastKnownFileType = wrapper.framework; name = CoreData.framework; path = System/Library/Frameworks/CoreData.framework; sourceTree = SDKROOT; };
		FAE451C314BA79C600190544 /* Foundation.framework */ = {isa = PBXFileReference; lastKnownFileType = wrapper.framework; name = Foundation.framework; path = System/Library/Frameworks/Foundation.framework; sourceTree = SDKROOT; };
		FAE451C614BA79C600190544 /* MacGap-Info.plist */ = {isa = PBXFileReference; lastKnownFileType = text.plist.xml; path = "MacGap-Info.plist"; sourceTree = "<group>"; };
		FAE451C814BA79C600190544 /* en */ = {isa = PBXFileReference; lastKnownFileType = text.plist.strings; name = en; path = en.lproj/InfoPlist.strings; sourceTree = "<group>"; };
		FAE451CA14BA79C600190544 /* main.m */ = {isa = PBXFileReference; lastKnownFileType = sourcecode.c.objc; path = main.m; sourceTree = "<group>"; };
		FAE451CC14BA79C600190544 /* MacGap-Prefix.pch */ = {isa = PBXFileReference; lastKnownFileType = sourcecode.c.h; path = "MacGap-Prefix.pch"; sourceTree = "<group>"; };
		FAE451CE14BA79C600190544 /* en */ = {isa = PBXFileReference; lastKnownFileType = text.rtf; name = en; path = en.lproj/Credits.rtf; sourceTree = "<group>"; };
		FAE451D014BA79C600190544 /* AppDelegate.h */ = {isa = PBXFileReference; lastKnownFileType = sourcecode.c.h; path = AppDelegate.h; sourceTree = "<group>"; };
		FAE451D114BA79C600190544 /* AppDelegate.m */ = {isa = PBXFileReference; lastKnownFileType = sourcecode.c.objc; path = AppDelegate.m; sourceTree = "<group>"; };
		FAE451D414BA79C600190544 /* en */ = {isa = PBXFileReference; lastKnownFileType = file.xib; name = en; path = en.lproj/MainMenu.xib; sourceTree = "<group>"; };
/* End PBXFileReference section */

/* Begin PBXFrameworksBuildPhase section */
		FAE451B714BA79C600190544 /* Frameworks */ = {
			isa = PBXFrameworksBuildPhase;
			buildActionMask = 2147483647;
			files = (
				B5410A3918BCC45900FC854A /* JavaScriptCore.framework in Frameworks */,
				B5410A3618BCC3A500FC854A /* libNodelikeOSX.a in Frameworks */,
				FA3F7743168F70850027B324 /* Growl.framework in Frameworks */,
				FA3F7742168F70790027B324 /* Cocoa.framework in Frameworks */,
				FA32509D14BA813600BF0781 /* WebKit.framework in Frameworks */,
			);
			runOnlyForDeploymentPostprocessing = 0;
		};
/* End PBXFrameworksBuildPhase section */

/* Begin PBXGroup section */
		B5410A2318BCC38600FC854A /* Products */ = {
			isa = PBXGroup;
			children = (
				B5410A2B18BCC38700FC854A /* libNodelike.a */,
				B5410A2D18BCC38700FC854A /* libuv.a */,
				B5410A2F18BCC38700FC854A /* Nodelike Tests.xctest */,
				B5410A3118BCC38700FC854A /* libNodelikeOSX.a */,
				B5410A3318BCC38700FC854A /* libuvOSX.a */,
			);
			name = Products;
			sourceTree = "<group>";
		};
		B5410B3918BCC53300FC854A /* lib */ = {
			isa = PBXGroup;
			children = (
				B5410B3A18BCC53300FC854A /* _debugger.js */,
				B5410B3B18BCC53300FC854A /* _http_agent.js */,
				B5410B3C18BCC53300FC854A /* _http_client.js */,
				B5410B3D18BCC53300FC854A /* _http_common.js */,
				B5410B3E18BCC53300FC854A /* _http_incoming.js */,
				B5410B3F18BCC53300FC854A /* _http_outgoing.js */,
				B5410B4018BCC53300FC854A /* _http_server.js */,
				B5410B4118BCC53300FC854A /* _linklist.js */,
				B5410B4218BCC53300FC854A /* _stream_duplex.js */,
				B5410B4318BCC53300FC854A /* _stream_passthrough.js */,
				B5410B4418BCC53300FC854A /* _stream_readable.js */,
				B5410B4518BCC53300FC854A /* _stream_transform.js */,
				B5410B4618BCC53300FC854A /* _stream_writable.js */,
				B5410B4718BCC53300FC854A /* _tls_legacy.js */,
				B5410B4818BCC53300FC854A /* _tls_wrap.js */,
				B5410B4918BCC53300FC854A /* assert.js */,
				B5410B4A18BCC53300FC854A /* buffer.js */,
				B5410B4B18BCC53300FC854A /* child_process.js */,
				B5410B4C18BCC53300FC854A /* cluster.js */,
				B5410B4D18BCC53300FC854A /* console.js */,
				B5410B4E18BCC53300FC854A /* constants.js */,
				B5410B4F18BCC53300FC854A /* crypto.js */,
				B5410B5018BCC53300FC854A /* dgram.js */,
				B5410B5118BCC53300FC854A /* dns.js */,
				B5410B5218BCC53300FC854A /* domain.js */,
				B5410B5318BCC53300FC854A /* events.js */,
				B5410B5418BCC53300FC854A /* freelist.js */,
				B5410B5518BCC53300FC854A /* fs.js */,
				B5410B5618BCC53300FC854A /* http.js */,
				B5410B5718BCC53300FC854A /* https.js */,
				B5410B5818BCC53300FC854A /* module.js */,
				B5410B5918BCC53300FC854A /* net.js */,
				B5410B5A18BCC53300FC854A /* nodelike.js */,
				B5410B5B18BCC53300FC854A /* os.js */,
				B5410B5C18BCC53300FC854A /* path.js */,
				B5410B5D18BCC53300FC854A /* punycode.js */,
				B5410B5E18BCC53300FC854A /* querystring.js */,
				B5410B5F18BCC53300FC854A /* readline.js */,
				B5410B6018BCC53300FC854A /* repl.js */,
				B5410B6118BCC53300FC854A /* smalloc.js */,
				B5410B6218BCC53300FC854A /* stream.js */,
				B5410B6318BCC53300FC854A /* string_decoder.js */,
				B5410B6418BCC53300FC854A /* sys.js */,
				B5410B6518BCC53300FC854A /* timers.js */,
				B5410B6618BCC53300FC854A /* tls.js */,
				B5410B6718BCC53300FC854A /* tty.js */,
				B5410B6818BCC53300FC854A /* url.js */,
				B5410B6918BCC53300FC854A /* util.js */,
				B5410B6A18BCC53300FC854A /* vm.js */,
				B5410B6B18BCC53300FC854A /* zlib.js */,
			);
			name = lib;
			path = Nodelike/lib;
			sourceTree = "<group>";
		};
		FA3250E014BA87B800BF0781 /* Classes */ = {
			isa = PBXGroup;
			children = (
				FA3250E114BA87DD00BF0781 /* Commands */,
				FA3250BA14BA85E700BF0781 /* Constants.h */,
				6F169DA818CC35FD005EDDF3 /* CallbackDelegate.h */,
				6F169DA918CC35FD005EDDF3 /* CallbackDelegate.m */,
				FA3250BB14BA85E700BF0781 /* ContentView.h */,
				FA3250BC14BA85E700BF0781 /* ContentView.m */,
				FA3250BF14BA85E700BF0781 /* WebViewDelegate.h */,
				FA3250C014BA85E700BF0781 /* WebViewDelegate.m */,
				88C0646B14BDF6A600E4BCE2 /* WindowController.h */,
				88C0646C14BDF6A600E4BCE2 /* WindowController.m */,
			);
			name = Classes;
			sourceTree = "<group>";
		};
		FA3250E114BA87DD00BF0781 /* Commands */ = {
			isa = PBXGroup;
			children = (
				6F169DA518CC332E005EDDF3 /* Command.h */,
				6F169DA618CC332E005EDDF3 /* Command.m */,
				1495814D15C15CCC00E1CFE5 /* Notice.h */,
				1495814E15C15CCC00E1CFE5 /* Notice.m */,
				FA3250CA14BA860800BF0781 /* Dock.h */,
				FA3250CB14BA860800BF0781 /* Dock.m */,
				6FD6E4EB18C2D48200DFFBE6 /* fonts.h */,
				6FD6E4EC18C2D48C00DFFBE6 /* fonts.m */,
				FA3250BD14BA85E700BF0781 /* Utils.h */,
				FA3250BE14BA85E700BF0781 /* Utils.m */,
				6FD672B418FE618E00C0DAAD /* UserDefaults.h */,
				6FD672B518FE618E00C0DAAD /* UserDefaults.m */,
				FA3250CC14BA860800BF0781 /* Growl.h */,
				FA3250CD14BA860800BF0781 /* Growl.m */,
				FA3250CE14BA860800BF0781 /* Path.h */,
				FA3250CF14BA860800BF0781 /* Path.m */,
				FA3250D014BA860800BF0781 /* Sound.h */,
				FA3250D114BA860800BF0781 /* Sound.m */,
				FA3250C814BA860800BF0781 /* App.h */,
				FA3250C914BA860800BF0781 /* App.m */,
				6F169DAD18CD906F005EDDF3 /* MenuItemProxy.h */,
				6F169DAE18CD906F005EDDF3 /* MenuItemProxy.m */,
				6F169DAF18CD906F005EDDF3 /* MenuProxy.h */,
				6F169DB018CD906F005EDDF3 /* MenuProxy.m */,
				88C0645E14BDE10A00E4BCE2 /* Window.h */,
				88C0645F14BDE10A00E4BCE2 /* Window.m */,
				88746BEC14CCA435001E160E /* JSEventHelper.h */,
				88746BED14CCA435001E160E /* JSEventHelper.m */,
				F2B80014179E0FC100B069A8 /* Clipboard.h */,
				F2B80015179E0FC100B069A8 /* Clipboard.m */,
			);
			name = Commands;
			sourceTree = "<group>";
		};
		FAE451AF14BA79C600190544 = {
			isa = PBXGroup;
			children = (
				B5410B3918BCC53300FC854A /* lib */,
				B5410A2218BCC38600FC854A /* Nodelike.xcodeproj */,
				FA3F7741168F70780027B324 /* Cocoa.framework */,
				FA3250E414BA883A00BF0781 /* public */,
				FAE451C414BA79C600190544 /* MacGap */,
				FAE451BD14BA79C600190544 /* Frameworks */,
				FAE451BB14BA79C600190544 /* Products */,
			);
			sourceTree = "<group>";
		};
		FAE451BB14BA79C600190544 /* Products */ = {
			isa = PBXGroup;
			children = (
				FAE451BA14BA79C600190544 /* MacGap.app */,
			);
			name = Products;
			sourceTree = "<group>";
		};
		FAE451BD14BA79C600190544 /* Frameworks */ = {
			isa = PBXGroup;
			children = (
				B5410A3818BCC45900FC854A /* JavaScriptCore.framework */,
				FA3250DE14BA878D00BF0781 /* Growl.framework */,
				FA32509E14BA816E00BF0781 /* Growl.framework */,
				FA32509C14BA813600BF0781 /* WebKit.framework */,
				FAE451BE14BA79C600190544 /* Cocoa.framework */,
				FAE451C014BA79C600190544 /* Other Frameworks */,
			);
			name = Frameworks;
			sourceTree = "<group>";
		};
		FAE451C014BA79C600190544 /* Other Frameworks */ = {
			isa = PBXGroup;
			children = (
				FAE451C114BA79C600190544 /* AppKit.framework */,
				FAE451C214BA79C600190544 /* CoreData.framework */,
				FAE451C314BA79C600190544 /* Foundation.framework */,
			);
			name = "Other Frameworks";
			sourceTree = "<group>";
		};
		FAE451C414BA79C600190544 /* MacGap */ = {
			isa = PBXGroup;
			children = (
				FA3250E014BA87B800BF0781 /* Classes */,
				FAE451D014BA79C600190544 /* AppDelegate.h */,
				FAE451D114BA79C600190544 /* AppDelegate.m */,
				FAE451D314BA79C600190544 /* MainMenu.xib */,
				88C0646414BDEC5800E4BCE2 /* Window.xib */,
				FAE451C514BA79C600190544 /* Supporting Files */,
			);
			path = MacGap;
			sourceTree = "<group>";
		};
		FAE451C514BA79C600190544 /* Supporting Files */ = {
			isa = PBXGroup;
			children = (
				FA3250E614BA8BCE00BF0781 /* application.icns */,
				FAE451C614BA79C600190544 /* MacGap-Info.plist */,
				FAE451C714BA79C600190544 /* InfoPlist.strings */,
				FAE451CA14BA79C600190544 /* main.m */,
				FAE451CC14BA79C600190544 /* MacGap-Prefix.pch */,
				FAE451CD14BA79C600190544 /* Credits.rtf */,
			);
			name = "Supporting Files";
			sourceTree = "<group>";
		};
/* End PBXGroup section */

/* Begin PBXNativeTarget section */
		FAE451B914BA79C600190544 /* MacGap */ = {
			isa = PBXNativeTarget;
			buildConfigurationList = FAE451D814BA79C600190544 /* Build configuration list for PBXNativeTarget "MacGap" */;
			buildPhases = (
				FAE451B814BA79C600190544 /* Resources */,
				FAE451B614BA79C600190544 /* Sources */,
				FAE451B714BA79C600190544 /* Frameworks */,
				FA3250DD14BA876F00BF0781 /* CopyFiles */,
			);
			buildRules = (
			);
			dependencies = (
				B5410A3518BCC39F00FC854A /* PBXTargetDependency */,
			);
			name = MacGap;
			productName = MacGap;
			productReference = FAE451BA14BA79C600190544 /* MacGap.app */;
			productType = "com.apple.product-type.application";
		};
/* End PBXNativeTarget section */

/* Begin PBXProject section */
		FAE451B114BA79C600190544 /* Project object */ = {
			isa = PBXProject;
			attributes = {
				LastUpgradeCheck = 0450;
				ORGANIZATIONNAME = Twitter;
			};
			buildConfigurationList = FAE451B414BA79C600190544 /* Build configuration list for PBXProject "MacGap" */;
			compatibilityVersion = "Xcode 3.2";
			developmentRegion = English;
			hasScannedForEncodings = 0;
			knownRegions = (
				en,
			);
			mainGroup = FAE451AF14BA79C600190544;
			productRefGroup = FAE451BB14BA79C600190544 /* Products */;
			projectDirPath = "";
			projectReferences = (
				{
					ProductGroup = B5410A2318BCC38600FC854A /* Products */;
					ProjectRef = B5410A2218BCC38600FC854A /* Nodelike.xcodeproj */;
				},
			);
			projectRoot = "";
			targets = (
				FAE451B914BA79C600190544 /* MacGap */,
			);
		};
/* End PBXProject section */

/* Begin PBXReferenceProxy section */
		B5410A2B18BCC38700FC854A /* libNodelike.a */ = {
			isa = PBXReferenceProxy;
			fileType = archive.ar;
			path = libNodelike.a;
			remoteRef = B5410A2A18BCC38700FC854A /* PBXContainerItemProxy */;
			sourceTree = BUILT_PRODUCTS_DIR;
		};
		B5410A2D18BCC38700FC854A /* libuv.a */ = {
			isa = PBXReferenceProxy;
			fileType = archive.ar;
			path = libuv.a;
			remoteRef = B5410A2C18BCC38700FC854A /* PBXContainerItemProxy */;
			sourceTree = BUILT_PRODUCTS_DIR;
		};
		B5410A2F18BCC38700FC854A /* Nodelike Tests.xctest */ = {
			isa = PBXReferenceProxy;
			fileType = wrapper.cfbundle;
			path = "Nodelike Tests.xctest";
			remoteRef = B5410A2E18BCC38700FC854A /* PBXContainerItemProxy */;
			sourceTree = BUILT_PRODUCTS_DIR;
		};
		B5410A3118BCC38700FC854A /* libNodelikeOSX.a */ = {
			isa = PBXReferenceProxy;
			fileType = archive.ar;
			path = libNodelikeOSX.a;
			remoteRef = B5410A3018BCC38700FC854A /* PBXContainerItemProxy */;
			sourceTree = BUILT_PRODUCTS_DIR;
		};
		B5410A3318BCC38700FC854A /* libuvOSX.a */ = {
			isa = PBXReferenceProxy;
			fileType = archive.ar;
			path = libuvOSX.a;
			remoteRef = B5410A3218BCC38700FC854A /* PBXContainerItemProxy */;
			sourceTree = BUILT_PRODUCTS_DIR;
		};
/* End PBXReferenceProxy section */

/* Begin PBXResourcesBuildPhase section */
		FAE451B814BA79C600190544 /* Resources */ = {
			isa = PBXResourcesBuildPhase;
			buildActionMask = 2147483647;
			files = (
				B5410B9E18BCC55700FC854A /* _debugger.js in Resources */,
				B5410B9F18BCC55700FC854A /* _http_agent.js in Resources */,
				B5410BA018BCC55700FC854A /* _http_client.js in Resources */,
				B5410BA118BCC55700FC854A /* _http_common.js in Resources */,
				B5410BA218BCC55700FC854A /* _http_incoming.js in Resources */,
				B5410BA318BCC55700FC854A /* _http_outgoing.js in Resources */,
				B5410BA418BCC55700FC854A /* _http_server.js in Resources */,
				B5410BA518BCC55700FC854A /* _linklist.js in Resources */,
				B5410BA618BCC55700FC854A /* _stream_duplex.js in Resources */,
				B5410BA718BCC55700FC854A /* _stream_passthrough.js in Resources */,
				B5410BA818BCC55700FC854A /* _stream_readable.js in Resources */,
				B5410BA918BCC55700FC854A /* _stream_transform.js in Resources */,
				B5410BAA18BCC55700FC854A /* _stream_writable.js in Resources */,
				B5410BAB18BCC55700FC854A /* _tls_legacy.js in Resources */,
				B5410BAC18BCC55700FC854A /* _tls_wrap.js in Resources */,
				B5410BAD18BCC55700FC854A /* assert.js in Resources */,
				B5410BAE18BCC55700FC854A /* buffer.js in Resources */,
				B5410BAF18BCC55700FC854A /* child_process.js in Resources */,
				B5410BB018BCC55700FC854A /* cluster.js in Resources */,
				B5410BB118BCC55700FC854A /* console.js in Resources */,
				B5410BB218BCC55700FC854A /* constants.js in Resources */,
				B5410BB318BCC55700FC854A /* crypto.js in Resources */,
				B5410BB418BCC55700FC854A /* dgram.js in Resources */,
				B5410BB518BCC55700FC854A /* dns.js in Resources */,
				B5410BB618BCC55700FC854A /* domain.js in Resources */,
				B5410BB718BCC55700FC854A /* events.js in Resources */,
				B5410BB818BCC55700FC854A /* freelist.js in Resources */,
				B5410BB918BCC55700FC854A /* fs.js in Resources */,
				B5410BBA18BCC55700FC854A /* http.js in Resources */,
				B5410BBB18BCC55700FC854A /* https.js in Resources */,
				B5410BBC18BCC55700FC854A /* module.js in Resources */,
				B5410BBD18BCC55700FC854A /* net.js in Resources */,
				B5410BBE18BCC55700FC854A /* nodelike.js in Resources */,
				B5410BBF18BCC55700FC854A /* os.js in Resources */,
				B5410BC018BCC55700FC854A /* path.js in Resources */,
				B5410BC118BCC55700FC854A /* punycode.js in Resources */,
				B5410BC218BCC55700FC854A /* querystring.js in Resources */,
				B5410BC318BCC55700FC854A /* readline.js in Resources */,
				B5410BC418BCC55700FC854A /* repl.js in Resources */,
				B5410BC518BCC55700FC854A /* smalloc.js in Resources */,
				B5410BC618BCC55700FC854A /* stream.js in Resources */,
				B5410BC718BCC55700FC854A /* string_decoder.js in Resources */,
				B5410BC818BCC55700FC854A /* sys.js in Resources */,
				B5410BC918BCC55700FC854A /* timers.js in Resources */,
				B5410BCA18BCC55700FC854A /* tls.js in Resources */,
				B5410BCB18BCC55700FC854A /* tty.js in Resources */,
				B5410BCC18BCC55700FC854A /* url.js in Resources */,
				B5410BCD18BCC55700FC854A /* util.js in Resources */,
				B5410BCE18BCC55700FC854A /* vm.js in Resources */,
				B5410BCF18BCC55700FC854A /* zlib.js in Resources */,
				FA3250E514BA883A00BF0781 /* public in Resources */,
				FAE451C914BA79C600190544 /* InfoPlist.strings in Resources */,
				FAE451CF14BA79C600190544 /* Credits.rtf in Resources */,
				FAE451D514BA79C600190544 /* MainMenu.xib in Resources */,
				FA3250E714BA8BCE00BF0781 /* application.icns in Resources */,
				88C0646614BDEC5800E4BCE2 /* Window.xib in Resources */,
			);
			runOnlyForDeploymentPostprocessing = 0;
		};
/* End PBXResourcesBuildPhase section */

/* Begin PBXSourcesBuildPhase section */
		FAE451B614BA79C600190544 /* Sources */ = {
			isa = PBXSourcesBuildPhase;
			buildActionMask = 2147483647;
			files = (
				6F169DAA18CC35FD005EDDF3 /* CallbackDelegate.m in Sources */,
				FA3250D314BA860800BF0781 /* App.m in Sources */,
				FA3250D514BA860800BF0781 /* Dock.m in Sources */,
				FA3250D714BA860800BF0781 /* Growl.m in Sources */,
				FA3250D914BA860800BF0781 /* Path.m in Sources */,
				FA3250DB14BA860800BF0781 /* Sound.m in Sources */,
				FA3250C314BA85E700BF0781 /* ContentView.m in Sources */,
				FA3250C514BA85E700BF0781 /* Utils.m in Sources */,
				FA3250C714BA85E700BF0781 /* WebViewDelegate.m in Sources */,
				FAE451CB14BA79C600190544 /* main.m in Sources */,
				6F169DB118CD906F005EDDF3 /* MenuItemProxy.m in Sources */,
				FAE451D214BA79C600190544 /* AppDelegate.m in Sources */,
				6F169DA718CC332E005EDDF3 /* Command.m in Sources */,
				6FD672B618FE618E00C0DAAD /* UserDefaults.m in Sources */,
				88C0646014BDE10A00E4BCE2 /* Window.m in Sources */,
				6F169DB218CD906F005EDDF3 /* MenuProxy.m in Sources */,
				88C0646D14BDF6A600E4BCE2 /* WindowController.m in Sources */,
				6FD6E4ED18C2D48C00DFFBE6 /* fonts.m in Sources */,
				88746BEE14CCA435001E160E /* JSEventHelper.m in Sources */,
				1495814F15C15CCC00E1CFE5 /* Notice.m in Sources */,
				F2B80016179E0FC100B069A8 /* Clipboard.m in Sources */,
			);
			runOnlyForDeploymentPostprocessing = 0;
		};
/* End PBXSourcesBuildPhase section */

/* Begin PBXTargetDependency section */
		B5410A3518BCC39F00FC854A /* PBXTargetDependency */ = {
			isa = PBXTargetDependency;
			name = NodelikeOSX;
			targetProxy = B5410A3418BCC39F00FC854A /* PBXContainerItemProxy */;
		};
/* End PBXTargetDependency section */

/* Begin PBXVariantGroup section */
		88C0646414BDEC5800E4BCE2 /* Window.xib */ = {
			isa = PBXVariantGroup;
			children = (
				88C0646514BDEC5800E4BCE2 /* en */,
			);
			name = Window.xib;
			sourceTree = "<group>";
		};
		FAE451C714BA79C600190544 /* InfoPlist.strings */ = {
			isa = PBXVariantGroup;
			children = (
				FAE451C814BA79C600190544 /* en */,
			);
			name = InfoPlist.strings;
			sourceTree = "<group>";
		};
		FAE451CD14BA79C600190544 /* Credits.rtf */ = {
			isa = PBXVariantGroup;
			children = (
				FAE451CE14BA79C600190544 /* en */,
			);
			name = Credits.rtf;
			sourceTree = "<group>";
		};
		FAE451D314BA79C600190544 /* MainMenu.xib */ = {
			isa = PBXVariantGroup;
			children = (
				FAE451D414BA79C600190544 /* en */,
			);
			name = MainMenu.xib;
			sourceTree = "<group>";
		};
/* End PBXVariantGroup section */

/* Begin XCBuildConfiguration section */
		FAE451D614BA79C600190544 /* Debug */ = {
			isa = XCBuildConfiguration;
			buildSettings = {
				ALWAYS_SEARCH_USER_PATHS = NO;
				CLANG_ENABLE_OBJC_ARC = YES;
				COPY_PHASE_STRIP = NO;
				GCC_C_LANGUAGE_STANDARD = gnu99;
				GCC_DYNAMIC_NO_PIC = NO;
				GCC_ENABLE_OBJC_EXCEPTIONS = YES;
				GCC_OPTIMIZATION_LEVEL = 0;
				GCC_PREPROCESSOR_DEFINITIONS = (
					"DEBUG=1",
					"$(inherited)",
				);
				GCC_SYMBOLS_PRIVATE_EXTERN = NO;
				GCC_VERSION = "";
				GCC_WARN_64_TO_32_BIT_CONVERSION = YES;
				GCC_WARN_ABOUT_MISSING_PROTOTYPES = YES;
				GCC_WARN_ABOUT_RETURN_TYPE = YES;
				GCC_WARN_UNUSED_VARIABLE = YES;
				MACOSX_DEPLOYMENT_TARGET = 10.9;
				ONLY_ACTIVE_ARCH = YES;
				SDKROOT = macosx;
			};
			name = Debug;
		};
		FAE451D714BA79C600190544 /* Release */ = {
			isa = XCBuildConfiguration;
			buildSettings = {
				ALWAYS_SEARCH_USER_PATHS = NO;
				CLANG_ENABLE_OBJC_ARC = YES;
				COPY_PHASE_STRIP = YES;
				DEBUG_INFORMATION_FORMAT = "dwarf-with-dsym";
				GCC_C_LANGUAGE_STANDARD = gnu99;
				GCC_ENABLE_OBJC_EXCEPTIONS = YES;
				GCC_VERSION = "";
				GCC_WARN_64_TO_32_BIT_CONVERSION = YES;
				GCC_WARN_ABOUT_MISSING_PROTOTYPES = YES;
				GCC_WARN_ABOUT_RETURN_TYPE = YES;
				GCC_WARN_UNUSED_VARIABLE = YES;
				MACOSX_DEPLOYMENT_TARGET = 10.9;
				SDKROOT = macosx;
			};
			name = Release;
		};
		FAE451D914BA79C600190544 /* Debug */ = {
			isa = XCBuildConfiguration;
			buildSettings = {
				CLANG_CXX_LANGUAGE_STANDARD = "compiler-default";
				CLANG_CXX_LIBRARY = "compiler-default";
				COMBINE_HIDPI_IMAGES = YES;
				FRAMEWORK_SEARCH_PATHS = (
					"$(inherited)",
					"\"$(SRCROOT)/MacGap\"",
				);
				GCC_PRECOMPILE_PREFIX_HEADER = YES;
				GCC_PREFIX_HEADER = "MacGap/MacGap-Prefix.pch";
				GCC_VERSION = "";
				INFOPLIST_FILE = "MacGap/MacGap-Info.plist";
				MACOSX_DEPLOYMENT_TARGET = 10.9;
				PRODUCT_NAME = "$(TARGET_NAME)";
				WRAPPER_EXTENSION = app;
			};
			name = Debug;
		};
		FAE451DA14BA79C600190544 /* Release */ = {
			isa = XCBuildConfiguration;
			buildSettings = {
				CLANG_CXX_LANGUAGE_STANDARD = "compiler-default";
				CLANG_CXX_LIBRARY = "compiler-default";
				COMBINE_HIDPI_IMAGES = YES;
				FRAMEWORK_SEARCH_PATHS = (
					"$(inherited)",
					"\"$(SRCROOT)/MacGap\"",
				);
				GCC_PRECOMPILE_PREFIX_HEADER = YES;
				GCC_PREFIX_HEADER = "MacGap/MacGap-Prefix.pch";
				GCC_VERSION = "";
				INFOPLIST_FILE = "MacGap/MacGap-Info.plist";
				MACOSX_DEPLOYMENT_TARGET = 10.9;
				PRODUCT_NAME = "$(TARGET_NAME)";
				WRAPPER_EXTENSION = app;
			};
			name = Release;
		};
/* End XCBuildConfiguration section */

/* Begin XCConfigurationList section */
		FAE451B414BA79C600190544 /* Build configuration list for PBXProject "MacGap" */ = {
			isa = XCConfigurationList;
			buildConfigurations = (
				FAE451D614BA79C600190544 /* Debug */,
				FAE451D714BA79C600190544 /* Release */,
			);
			defaultConfigurationIsVisible = 0;
			defaultConfigurationName = Release;
		};
		FAE451D814BA79C600190544 /* Build configuration list for PBXNativeTarget "MacGap" */ = {
			isa = XCConfigurationList;
			buildConfigurations = (
				FAE451D914BA79C600190544 /* Debug */,
				FAE451DA14BA79C600190544 /* Release */,
			);
			defaultConfigurationIsVisible = 0;
			defaultConfigurationName = Release;
		};
/* End XCConfigurationList section */
	};
	rootObject = FAE451B114BA79C600190544 /* Project object */;
}
